// !$*UTF8*$!
{
	archiveVersion = 1;
	classes = {
	};
	objectVersion = 50;
	objects = {

/* Begin PBXBuildFile section */
		1310159984A9B47C4F52D1FB /* Pods_VK_Light.framework in Frameworks */ = {isa = PBXBuildFile; fileRef = A8CC35A586E6F0DAB09E4969 /* Pods_VK_Light.framework */; };
		6502082521A1C3F700157572 /* SettingsViewController.swift in Sources */ = {isa = PBXBuildFile; fileRef = 6502082421A1C3F700157572 /* SettingsViewController.swift */; };
		6502082921A1C6E600157572 /* MessageCell.swift in Sources */ = {isa = PBXBuildFile; fileRef = 6502082821A1C6E600157572 /* MessageCell.swift */; };
		6504B2FF21A1666A002EDE94 /* DialogViewController.swift in Sources */ = {isa = PBXBuildFile; fileRef = 6504B2FE21A1666A002EDE94 /* DialogViewController.swift */; };
		6504B30121A18366002EDE94 /* VKGetHistoryResponse.swift in Sources */ = {isa = PBXBuildFile; fileRef = 6504B30021A18366002EDE94 /* VKGetHistoryResponse.swift */; };
		65052628219D61AE00EF8BAA /* VKMessageModel.swift in Sources */ = {isa = PBXBuildFile; fileRef = 65052627219D61AE00EF8BAA /* VKMessageModel.swift */; };
		6505262A219D665B00EF8BAA /* VKProfileModel.swift in Sources */ = {isa = PBXBuildFile; fileRef = 65052629219D665B00EF8BAA /* VKProfileModel.swift */; };
		6505262C219D694500EF8BAA /* VKGroupModel.swift in Sources */ = {isa = PBXBuildFile; fileRef = 6505262B219D694500EF8BAA /* VKGroupModel.swift */; };
		6505262E219D6A0600EF8BAA /* VKMessagesApi.swift in Sources */ = {isa = PBXBuildFile; fileRef = 6505262D219D6A0600EF8BAA /* VKMessagesApi.swift */; };
		65052630219D6CB800EF8BAA /* VKHttpRequestLayer.swift in Sources */ = {isa = PBXBuildFile; fileRef = 6505262F219D6CB800EF8BAA /* VKHttpRequestLayer.swift */; };
		65052634219DB99000EF8BAA /* ConversationsViewController.swift in Sources */ = {isa = PBXBuildFile; fileRef = 65052633219DB99000EF8BAA /* ConversationsViewController.swift */; };
		6506EC9F21B277240033859A /* VKLongPollEventHandler.swift in Sources */ = {isa = PBXBuildFile; fileRef = 6506EC9E21B277240033859A /* VKLongPollEventHandler.swift */; };
		6506ECA321B29FBF0033859A /* NewMessagesSubscriber.swift in Sources */ = {isa = PBXBuildFile; fileRef = 6506ECA221B29FBF0033859A /* NewMessagesSubscriber.swift */; };
		6506ECA521B2A13C0033859A /* OnlinesSubscriber.swift in Sources */ = {isa = PBXBuildFile; fileRef = 6506ECA421B2A13C0033859A /* OnlinesSubscriber.swift */; };
		6506ECA721B2B8BD0033859A /* UserTypingSubscriber.swift in Sources */ = {isa = PBXBuildFile; fileRef = 6506ECA621B2B8BD0033859A /* UserTypingSubscriber.swift */; };
		6506ECA921B2BA2C0033859A /* TypingInChatSubscriber.swift in Sources */ = {isa = PBXBuildFile; fileRef = 6506ECA821B2BA2C0033859A /* TypingInChatSubscriber.swift */; };
		650805CF219E98AD0029519A /* RootViewController.swift in Sources */ = {isa = PBXBuildFile; fileRef = 650805CE219E98AD0029519A /* RootViewController.swift */; };
		650805D1219EA4730029519A /* ConversationCell.swift in Sources */ = {isa = PBXBuildFile; fileRef = 650805D0219EA4730029519A /* ConversationCell.swift */; };
		650856E321A9578500DE6ECB /* DialogsHelper.swift in Sources */ = {isa = PBXBuildFile; fileRef = 650856E221A9578500DE6ECB /* DialogsHelper.swift */; };
		650C95B121A2C77B00D98867 /* Message.swift in Sources */ = {isa = PBXBuildFile; fileRef = 650C95B021A2C77B00D98867 /* Message.swift */; };
		650C95B321A2D46B00D98867 /* VKAttachmentModel.swift in Sources */ = {isa = PBXBuildFile; fileRef = 650C95B221A2D46B00D98867 /* VKAttachmentModel.swift */; };
		650C95B521A2D59B00D98867 /* VKStickerModel.swift in Sources */ = {isa = PBXBuildFile; fileRef = 650C95B421A2D59B00D98867 /* VKStickerModel.swift */; };
		650C95B821A2D95700D98867 /* MessageHelper.swift in Sources */ = {isa = PBXBuildFile; fileRef = 650C95B721A2D95700D98867 /* MessageHelper.swift */; };
		6515E5BA21A42C6700D22CEA /* VKLPResponse.swift in Sources */ = {isa = PBXBuildFile; fileRef = 6515E5B921A42C6700D22CEA /* VKLPResponse.swift */; };
		6515E5BC21A4342600D22CEA /* VKLPServerModel.swift in Sources */ = {isa = PBXBuildFile; fileRef = 6515E5BB21A4342600D22CEA /* VKLPServerModel.swift */; };
		6515E5BE21A4442400D22CEA /* VKLPHistoryItemModel.swift in Sources */ = {isa = PBXBuildFile; fileRef = 6515E5BD21A4442400D22CEA /* VKLPHistoryItemModel.swift */; };
		6515E5C021A4484500D22CEA /* VKLongPoller.swift in Sources */ = {isa = PBXBuildFile; fileRef = 6515E5BF21A4484500D22CEA /* VKLongPoller.swift */; };
		6524A450219D35B90051D73C /* VKConversationModel.swift in Sources */ = {isa = PBXBuildFile; fileRef = 6524A44F219D35B90051D73C /* VKConversationModel.swift */; };
		6524A453219D41460051D73C /* VKGetConversationsResponse.swift in Sources */ = {isa = PBXBuildFile; fileRef = 6524A452219D41460051D73C /* VKGetConversationsResponse.swift */; };
		6549FAE721AA8E2400E1A109 /* VKMessageWrapper.swift in Sources */ = {isa = PBXBuildFile; fileRef = 6549FAE621AA8E2400E1A109 /* VKMessageWrapper.swift */; };
		6549FAE921AAA11300E1A109 /* VKGetLongPollHistoryResponse.swift in Sources */ = {isa = PBXBuildFile; fileRef = 6549FAE821AAA11300E1A109 /* VKGetLongPollHistoryResponse.swift */; };
		6549FAEC21AACACF00E1A109 /* ObservableDataContainer.swift in Sources */ = {isa = PBXBuildFile; fileRef = 6549FAEB21AACACF00E1A109 /* ObservableDataContainer.swift */; };
		6550285321A8818B001A0420 /* DynamicDataContainer.swift in Sources */ = {isa = PBXBuildFile; fileRef = 6550285221A8818B001A0420 /* DynamicDataContainer.swift */; };
		6550285521A883D3001A0420 /* Dialog.swift in Sources */ = {isa = PBXBuildFile; fileRef = 6550285421A883D3001A0420 /* Dialog.swift */; };
		6551BED021AED6F500C568C9 /* VKLongPollApi.swift in Sources */ = {isa = PBXBuildFile; fileRef = 6551BECF21AED6F500C568C9 /* VKLongPollApi.swift */; };
		6551BED221AEE32D00C568C9 /* VKGetMessagesByIdResponse.swift in Sources */ = {isa = PBXBuildFile; fileRef = 6551BED121AEE32D00C568C9 /* VKGetMessagesByIdResponse.swift */; };
		6551BED521AF068000C568C9 /* MessageContentView.swift in Sources */ = {isa = PBXBuildFile; fileRef = 6551BED421AF068000C568C9 /* MessageContentView.swift */; };
		65E6F50A219C8C4E006BC0A8 /* AppDelegate.swift in Sources */ = {isa = PBXBuildFile; fileRef = 65E6F509219C8C4E006BC0A8 /* AppDelegate.swift */; };
		65E6F50C219C8C4E006BC0A8 /* AuthViewController.swift in Sources */ = {isa = PBXBuildFile; fileRef = 65E6F50B219C8C4E006BC0A8 /* AuthViewController.swift */; };
		65E6F50F219C8C4E006BC0A8 /* Main.storyboard in Resources */ = {isa = PBXBuildFile; fileRef = 65E6F50D219C8C4E006BC0A8 /* Main.storyboard */; };
		65E6F511219C8C50006BC0A8 /* Assets.xcassets in Resources */ = {isa = PBXBuildFile; fileRef = 65E6F510219C8C50006BC0A8 /* Assets.xcassets */; };
		65E6F514219C8C50006BC0A8 /* LaunchScreen.storyboard in Resources */ = {isa = PBXBuildFile; fileRef = 65E6F512219C8C50006BC0A8 /* LaunchScreen.storyboard */; };
		65E6F51F219CB7CD006BC0A8 /* VKResponse.swift in Sources */ = {isa = PBXBuildFile; fileRef = 65E6F51E219CB7CD006BC0A8 /* VKResponse.swift */; };
/* End PBXBuildFile section */

/* Begin PBXFileReference section */
		6502082421A1C3F700157572 /* SettingsViewController.swift */ = {isa = PBXFileReference; lastKnownFileType = sourcecode.swift; path = SettingsViewController.swift; sourceTree = "<group>"; };
		6502082821A1C6E600157572 /* MessageCell.swift */ = {isa = PBXFileReference; lastKnownFileType = sourcecode.swift; path = MessageCell.swift; sourceTree = "<group>"; };
		6504B2FE21A1666A002EDE94 /* DialogViewController.swift */ = {isa = PBXFileReference; lastKnownFileType = sourcecode.swift; path = DialogViewController.swift; sourceTree = "<group>"; };
		6504B30021A18366002EDE94 /* VKGetHistoryResponse.swift */ = {isa = PBXFileReference; lastKnownFileType = sourcecode.swift; path = VKGetHistoryResponse.swift; sourceTree = "<group>"; };
		65052627219D61AE00EF8BAA /* VKMessageModel.swift */ = {isa = PBXFileReference; lastKnownFileType = sourcecode.swift; path = VKMessageModel.swift; sourceTree = "<group>"; };
		65052629219D665B00EF8BAA /* VKProfileModel.swift */ = {isa = PBXFileReference; lastKnownFileType = sourcecode.swift; path = VKProfileModel.swift; sourceTree = "<group>"; };
		6505262B219D694500EF8BAA /* VKGroupModel.swift */ = {isa = PBXFileReference; lastKnownFileType = sourcecode.swift; path = VKGroupModel.swift; sourceTree = "<group>"; };
		6505262D219D6A0600EF8BAA /* VKMessagesApi.swift */ = {isa = PBXFileReference; lastKnownFileType = sourcecode.swift; path = VKMessagesApi.swift; sourceTree = "<group>"; };
		6505262F219D6CB800EF8BAA /* VKHttpRequestLayer.swift */ = {isa = PBXFileReference; lastKnownFileType = sourcecode.swift; path = VKHttpRequestLayer.swift; sourceTree = "<group>"; };
		65052633219DB99000EF8BAA /* ConversationsViewController.swift */ = {isa = PBXFileReference; lastKnownFileType = sourcecode.swift; path = ConversationsViewController.swift; sourceTree = "<group>"; };
		6506EC9E21B277240033859A /* VKLongPollEventHandler.swift */ = {isa = PBXFileReference; lastKnownFileType = sourcecode.swift; path = VKLongPollEventHandler.swift; sourceTree = "<group>"; };
		6506ECA221B29FBF0033859A /* NewMessagesSubscriber.swift */ = {isa = PBXFileReference; lastKnownFileType = sourcecode.swift; path = NewMessagesSubscriber.swift; sourceTree = "<group>"; };
		6506ECA421B2A13C0033859A /* OnlinesSubscriber.swift */ = {isa = PBXFileReference; lastKnownFileType = sourcecode.swift; path = OnlinesSubscriber.swift; sourceTree = "<group>"; };
		6506ECA621B2B8BD0033859A /* UserTypingSubscriber.swift */ = {isa = PBXFileReference; lastKnownFileType = sourcecode.swift; path = UserTypingSubscriber.swift; sourceTree = "<group>"; };
		6506ECA821B2BA2C0033859A /* TypingInChatSubscriber.swift */ = {isa = PBXFileReference; lastKnownFileType = sourcecode.swift; path = TypingInChatSubscriber.swift; sourceTree = "<group>"; };
		650805CE219E98AD0029519A /* RootViewController.swift */ = {isa = PBXFileReference; lastKnownFileType = sourcecode.swift; path = RootViewController.swift; sourceTree = "<group>"; };
		650805D0219EA4730029519A /* ConversationCell.swift */ = {isa = PBXFileReference; lastKnownFileType = sourcecode.swift; path = ConversationCell.swift; sourceTree = "<group>"; };
		650856E221A9578500DE6ECB /* DialogsHelper.swift */ = {isa = PBXFileReference; lastKnownFileType = sourcecode.swift; path = DialogsHelper.swift; sourceTree = "<group>"; };
		650C95B021A2C77B00D98867 /* Message.swift */ = {isa = PBXFileReference; lastKnownFileType = sourcecode.swift; path = Message.swift; sourceTree = "<group>"; };
		650C95B221A2D46B00D98867 /* VKAttachmentModel.swift */ = {isa = PBXFileReference; lastKnownFileType = sourcecode.swift; path = VKAttachmentModel.swift; sourceTree = "<group>"; };
		650C95B421A2D59B00D98867 /* VKStickerModel.swift */ = {isa = PBXFileReference; lastKnownFileType = sourcecode.swift; path = VKStickerModel.swift; sourceTree = "<group>"; };
		650C95B721A2D95700D98867 /* MessageHelper.swift */ = {isa = PBXFileReference; lastKnownFileType = sourcecode.swift; path = MessageHelper.swift; sourceTree = "<group>"; };
		6515E5B921A42C6700D22CEA /* VKLPResponse.swift */ = {isa = PBXFileReference; lastKnownFileType = sourcecode.swift; path = VKLPResponse.swift; sourceTree = "<group>"; };
		6515E5BB21A4342600D22CEA /* VKLPServerModel.swift */ = {isa = PBXFileReference; lastKnownFileType = sourcecode.swift; path = VKLPServerModel.swift; sourceTree = "<group>"; };
		6515E5BD21A4442400D22CEA /* VKLPHistoryItemModel.swift */ = {isa = PBXFileReference; lastKnownFileType = sourcecode.swift; path = VKLPHistoryItemModel.swift; sourceTree = "<group>"; };
		6515E5BF21A4484500D22CEA /* VKLongPoller.swift */ = {isa = PBXFileReference; lastKnownFileType = sourcecode.swift; path = VKLongPoller.swift; sourceTree = "<group>"; };
		6524A44F219D35B90051D73C /* VKConversationModel.swift */ = {isa = PBXFileReference; lastKnownFileType = sourcecode.swift; path = VKConversationModel.swift; sourceTree = "<group>"; };
		6524A452219D41460051D73C /* VKGetConversationsResponse.swift */ = {isa = PBXFileReference; lastKnownFileType = sourcecode.swift; path = VKGetConversationsResponse.swift; sourceTree = "<group>"; };
		6549FAE621AA8E2400E1A109 /* VKMessageWrapper.swift */ = {isa = PBXFileReference; lastKnownFileType = sourcecode.swift; path = VKMessageWrapper.swift; sourceTree = "<group>"; };
		6549FAE821AAA11300E1A109 /* VKGetLongPollHistoryResponse.swift */ = {isa = PBXFileReference; lastKnownFileType = sourcecode.swift; path = VKGetLongPollHistoryResponse.swift; sourceTree = "<group>"; };
		6549FAEB21AACACF00E1A109 /* ObservableDataContainer.swift */ = {isa = PBXFileReference; lastKnownFileType = sourcecode.swift; path = ObservableDataContainer.swift; sourceTree = "<group>"; };
		6550285221A8818B001A0420 /* DynamicDataContainer.swift */ = {isa = PBXFileReference; lastKnownFileType = sourcecode.swift; path = DynamicDataContainer.swift; sourceTree = "<group>"; };
		6550285421A883D3001A0420 /* Dialog.swift */ = {isa = PBXFileReference; lastKnownFileType = sourcecode.swift; path = Dialog.swift; sourceTree = "<group>"; };
		6551BECF21AED6F500C568C9 /* VKLongPollApi.swift */ = {isa = PBXFileReference; lastKnownFileType = sourcecode.swift; path = VKLongPollApi.swift; sourceTree = "<group>"; };
		6551BED121AEE32D00C568C9 /* VKGetMessagesByIdResponse.swift */ = {isa = PBXFileReference; lastKnownFileType = sourcecode.swift; path = VKGetMessagesByIdResponse.swift; sourceTree = "<group>"; };
		6551BED421AF068000C568C9 /* MessageContentView.swift */ = {isa = PBXFileReference; lastKnownFileType = sourcecode.swift; path = MessageContentView.swift; sourceTree = "<group>"; };
		65E6F506219C8C4E006BC0A8 /* VK Light.app */ = {isa = PBXFileReference; explicitFileType = wrapper.application; includeInIndex = 0; path = "VK Light.app"; sourceTree = BUILT_PRODUCTS_DIR; };
		65E6F509219C8C4E006BC0A8 /* AppDelegate.swift */ = {isa = PBXFileReference; lastKnownFileType = sourcecode.swift; path = AppDelegate.swift; sourceTree = "<group>"; };
		65E6F50B219C8C4E006BC0A8 /* AuthViewController.swift */ = {isa = PBXFileReference; lastKnownFileType = sourcecode.swift; path = AuthViewController.swift; sourceTree = "<group>"; };
		65E6F50E219C8C4E006BC0A8 /* Base */ = {isa = PBXFileReference; lastKnownFileType = file.storyboard; name = Base; path = Base.lproj/Main.storyboard; sourceTree = "<group>"; };
		65E6F510219C8C50006BC0A8 /* Assets.xcassets */ = {isa = PBXFileReference; lastKnownFileType = folder.assetcatalog; path = Assets.xcassets; sourceTree = "<group>"; };
		65E6F513219C8C50006BC0A8 /* Base */ = {isa = PBXFileReference; lastKnownFileType = file.storyboard; name = Base; path = Base.lproj/LaunchScreen.storyboard; sourceTree = "<group>"; };
		65E6F515219C8C50006BC0A8 /* Info.plist */ = {isa = PBXFileReference; lastKnownFileType = text.plist.xml; path = Info.plist; sourceTree = "<group>"; };
		65E6F51E219CB7CD006BC0A8 /* VKResponse.swift */ = {isa = PBXFileReference; lastKnownFileType = sourcecode.swift; path = VKResponse.swift; sourceTree = "<group>"; };
		8DFD7B72EF6CDA04A40CC214 /* Pods-VK Light.release.xcconfig */ = {isa = PBXFileReference; includeInIndex = 1; lastKnownFileType = text.xcconfig; name = "Pods-VK Light.release.xcconfig"; path = "Pods/Target Support Files/Pods-VK Light/Pods-VK Light.release.xcconfig"; sourceTree = "<group>"; };
		A8CC35A586E6F0DAB09E4969 /* Pods_VK_Light.framework */ = {isa = PBXFileReference; explicitFileType = wrapper.framework; includeInIndex = 0; path = Pods_VK_Light.framework; sourceTree = BUILT_PRODUCTS_DIR; };
		C61C339E00DBDBEBD934DEBB /* Pods-VK Light.debug.xcconfig */ = {isa = PBXFileReference; includeInIndex = 1; lastKnownFileType = text.xcconfig; name = "Pods-VK Light.debug.xcconfig"; path = "Pods/Target Support Files/Pods-VK Light/Pods-VK Light.debug.xcconfig"; sourceTree = "<group>"; };
/* End PBXFileReference section */

/* Begin PBXFrameworksBuildPhase section */
		65E6F503219C8C4E006BC0A8 /* Frameworks */ = {
			isa = PBXFrameworksBuildPhase;
			buildActionMask = 2147483647;
			files = (
				1310159984A9B47C4F52D1FB /* Pods_VK_Light.framework in Frameworks */,
			);
			runOnlyForDeploymentPostprocessing = 0;
		};
/* End PBXFrameworksBuildPhase section */

/* Begin PBXGroup section */
		6502082621A1C51F00157572 /* ViewControllers */ = {
			isa = PBXGroup;
			children = (
				65E6F50B219C8C4E006BC0A8 /* AuthViewController.swift */,
				65052633219DB99000EF8BAA /* ConversationsViewController.swift */,
				6504B2FE21A1666A002EDE94 /* DialogViewController.swift */,
				6502082421A1C3F700157572 /* SettingsViewController.swift */,
				650805CE219E98AD0029519A /* RootViewController.swift */,
			);
			path = ViewControllers;
			sourceTree = "<group>";
		};
		6502082721A1C55100157572 /* Cells */ = {
			isa = PBXGroup;
			children = (
				650805D0219EA4730029519A /* ConversationCell.swift */,
				6502082821A1C6E600157572 /* MessageCell.swift */,
			);
			path = Cells;
			sourceTree = "<group>";
		};
		6506ECA021B29F220033859A /* LongPoll */ = {
			isa = PBXGroup;
			children = (
				6506ECA121B29F800033859A /* Subscribers */,
				6506EC9E21B277240033859A /* VKLongPollEventHandler.swift */,
				6515E5BF21A4484500D22CEA /* VKLongPoller.swift */,
			);
			path = LongPoll;
			sourceTree = "<group>";
		};
		6506ECA121B29F800033859A /* Subscribers */ = {
			isa = PBXGroup;
			children = (
				6506ECA221B29FBF0033859A /* NewMessagesSubscriber.swift */,
				6506ECA421B2A13C0033859A /* OnlinesSubscriber.swift */,
				6506ECA621B2B8BD0033859A /* UserTypingSubscriber.swift */,
				6506ECA821B2BA2C0033859A /* TypingInChatSubscriber.swift */,
			);
			path = Subscribers;
			sourceTree = "<group>";
		};
		650C95AF21A2C74E00D98867 /* Model */ = {
			isa = PBXGroup;
			children = (
				650C95B021A2C77B00D98867 /* Message.swift */,
				6550285421A883D3001A0420 /* Dialog.swift */,
				6549FAE621AA8E2400E1A109 /* VKMessageWrapper.swift */,
				6549FAEB21AACACF00E1A109 /* ObservableDataContainer.swift */,
			);
			path = Model;
			sourceTree = "<group>";
		};
		650C95B621A2D90000D98867 /* Helpers */ = {
			isa = PBXGroup;
			children = (
				650C95B721A2D95700D98867 /* MessageHelper.swift */,
				6550285221A8818B001A0420 /* DynamicDataContainer.swift */,
				650856E221A9578500DE6ECB /* DialogsHelper.swift */,
			);
			path = Helpers;
			sourceTree = "<group>";
		};
		6524A44E219D348A0051D73C /* Model */ = {
			isa = PBXGroup;
			children = (
				6515E5BB21A4342600D22CEA /* VKLPServerModel.swift */,
				6524A44F219D35B90051D73C /* VKConversationModel.swift */,
				65052627219D61AE00EF8BAA /* VKMessageModel.swift */,
				65052629219D665B00EF8BAA /* VKProfileModel.swift */,
				6505262B219D694500EF8BAA /* VKGroupModel.swift */,
				650C95B221A2D46B00D98867 /* VKAttachmentModel.swift */,
				650C95B421A2D59B00D98867 /* VKStickerModel.swift */,
				6515E5BD21A4442400D22CEA /* VKLPHistoryItemModel.swift */,
			);
			path = Model;
			sourceTree = "<group>";
		};
		6524A451219D398B0051D73C /* Response */ = {
			isa = PBXGroup;
			children = (
				65E6F51E219CB7CD006BC0A8 /* VKResponse.swift */,
				6524A452219D41460051D73C /* VKGetConversationsResponse.swift */,
				6504B30021A18366002EDE94 /* VKGetHistoryResponse.swift */,
				6515E5B921A42C6700D22CEA /* VKLPResponse.swift */,
				6549FAE821AAA11300E1A109 /* VKGetLongPollHistoryResponse.swift */,
				6551BED121AEE32D00C568C9 /* VKGetMessagesByIdResponse.swift */,
			);
			path = Response;
			sourceTree = "<group>";
		};
		6551BED321AF063400C568C9 /* Views */ = {
			isa = PBXGroup;
			children = (
				6551BED421AF068000C568C9 /* MessageContentView.swift */,
			);
			path = Views;
			sourceTree = "<group>";
		};
		65E6F4FD219C8C4E006BC0A8 = {
			isa = PBXGroup;
			children = (
				65E6F508219C8C4E006BC0A8 /* VK Light */,
				65E6F507219C8C4E006BC0A8 /* Products */,
				811C07F4CD6E32AEBF95A465 /* Pods */,
				813CD713DCC20012459D9D0D /* Frameworks */,
			);
			sourceTree = "<group>";
		};
		65E6F507219C8C4E006BC0A8 /* Products */ = {
			isa = PBXGroup;
			children = (
				65E6F506219C8C4E006BC0A8 /* VK Light.app */,
			);
			name = Products;
			sourceTree = "<group>";
		};
		65E6F508219C8C4E006BC0A8 /* VK Light */ = {
			isa = PBXGroup;
			children = (
				6506ECA021B29F220033859A /* LongPoll */,
				6551BED321AF063400C568C9 /* Views */,
				650C95B621A2D90000D98867 /* Helpers */,
				650C95AF21A2C74E00D98867 /* Model */,
				6502082721A1C55100157572 /* Cells */,
				6502082621A1C51F00157572 /* ViewControllers */,
				65E6F51D219CB7B4006BC0A8 /* VK */,
				65E6F509219C8C4E006BC0A8 /* AppDelegate.swift */,
				65E6F50D219C8C4E006BC0A8 /* Main.storyboard */,
				65E6F510219C8C50006BC0A8 /* Assets.xcassets */,
				65E6F512219C8C50006BC0A8 /* LaunchScreen.storyboard */,
				65E6F515219C8C50006BC0A8 /* Info.plist */,
			);
			path = "VK Light";
			sourceTree = "<group>";
		};
		65E6F51D219CB7B4006BC0A8 /* VK */ = {
			isa = PBXGroup;
			children = (
				6524A451219D398B0051D73C /* Response */,
				6524A44E219D348A0051D73C /* Model */,
				6505262D219D6A0600EF8BAA /* VKMessagesApi.swift */,
				6505262F219D6CB800EF8BAA /* VKHttpRequestLayer.swift */,
				6551BECF21AED6F500C568C9 /* VKLongPollApi.swift */,
			);
			path = VK;
			sourceTree = "<group>";
		};
		811C07F4CD6E32AEBF95A465 /* Pods */ = {
			isa = PBXGroup;
			children = (
				C61C339E00DBDBEBD934DEBB /* Pods-VK Light.debug.xcconfig */,
				8DFD7B72EF6CDA04A40CC214 /* Pods-VK Light.release.xcconfig */,
			);
			name = Pods;
			sourceTree = "<group>";
		};
		813CD713DCC20012459D9D0D /* Frameworks */ = {
			isa = PBXGroup;
			children = (
				A8CC35A586E6F0DAB09E4969 /* Pods_VK_Light.framework */,
			);
			name = Frameworks;
			sourceTree = "<group>";
		};
/* End PBXGroup section */

/* Begin PBXNativeTarget section */
		65E6F505219C8C4E006BC0A8 /* VK Light */ = {
			isa = PBXNativeTarget;
			buildConfigurationList = 65E6F518219C8C50006BC0A8 /* Build configuration list for PBXNativeTarget "VK Light" */;
			buildPhases = (
				2811AAFEE5CC96F24EC20BBF /* [CP] Check Pods Manifest.lock */,
				65E6F502219C8C4E006BC0A8 /* Sources */,
				65E6F503219C8C4E006BC0A8 /* Frameworks */,
				65E6F504219C8C4E006BC0A8 /* Resources */,
				FCFFBB9FCD7C942F0319710D /* [CP] Embed Pods Frameworks */,
			);
			buildRules = (
			);
			dependencies = (
			);
			name = "VK Light";
			productName = "VK Light";
			productReference = 65E6F506219C8C4E006BC0A8 /* VK Light.app */;
			productType = "com.apple.product-type.application";
		};
/* End PBXNativeTarget section */

/* Begin PBXProject section */
		65E6F4FE219C8C4E006BC0A8 /* Project object */ = {
			isa = PBXProject;
			attributes = {
				LastSwiftUpdateCheck = 1000;
				LastUpgradeCheck = 1000;
				ORGANIZATIONNAME = "Иван Маслюк";
				TargetAttributes = {
					65E6F505219C8C4E006BC0A8 = {
						CreatedOnToolsVersion = 10.0;
					};
				};
			};
			buildConfigurationList = 65E6F501219C8C4E006BC0A8 /* Build configuration list for PBXProject "VK Light" */;
			compatibilityVersion = "Xcode 9.3";
			developmentRegion = en;
			hasScannedForEncodings = 0;
			knownRegions = (
				en,
				Base,
			);
			mainGroup = 65E6F4FD219C8C4E006BC0A8;
			productRefGroup = 65E6F507219C8C4E006BC0A8 /* Products */;
			projectDirPath = "";
			projectRoot = "";
			targets = (
				65E6F505219C8C4E006BC0A8 /* VK Light */,
			);
		};
/* End PBXProject section */

/* Begin PBXResourcesBuildPhase section */
		65E6F504219C8C4E006BC0A8 /* Resources */ = {
			isa = PBXResourcesBuildPhase;
			buildActionMask = 2147483647;
			files = (
				65E6F514219C8C50006BC0A8 /* LaunchScreen.storyboard in Resources */,
				65E6F511219C8C50006BC0A8 /* Assets.xcassets in Resources */,
				65E6F50F219C8C4E006BC0A8 /* Main.storyboard in Resources */,
			);
			runOnlyForDeploymentPostprocessing = 0;
		};
/* End PBXResourcesBuildPhase section */

/* Begin PBXShellScriptBuildPhase section */
		2811AAFEE5CC96F24EC20BBF /* [CP] Check Pods Manifest.lock */ = {
			isa = PBXShellScriptBuildPhase;
			buildActionMask = 2147483647;
			files = (
			);
			inputFileListPaths = (
			);
			inputPaths = (
				"${PODS_PODFILE_DIR_PATH}/Podfile.lock",
				"${PODS_ROOT}/Manifest.lock",
			);
			name = "[CP] Check Pods Manifest.lock";
			outputFileListPaths = (
			);
			outputPaths = (
				"$(DERIVED_FILE_DIR)/Pods-VK Light-checkManifestLockResult.txt",
			);
			runOnlyForDeploymentPostprocessing = 0;
			shellPath = /bin/sh;
			shellScript = "diff \"${PODS_PODFILE_DIR_PATH}/Podfile.lock\" \"${PODS_ROOT}/Manifest.lock\" > /dev/null\nif [ $? != 0 ] ; then\n    # print error to STDERR\n    echo \"error: The sandbox is not in sync with the Podfile.lock. Run 'pod install' or update your CocoaPods installation.\" >&2\n    exit 1\nfi\n# This output is used by Xcode 'outputs' to avoid re-running this script phase.\necho \"SUCCESS\" > \"${SCRIPT_OUTPUT_FILE_0}\"\n";
			showEnvVarsInLog = 0;
		};
		FCFFBB9FCD7C942F0319710D /* [CP] Embed Pods Frameworks */ = {
			isa = PBXShellScriptBuildPhase;
			buildActionMask = 2147483647;
			files = (
			);
			inputFileListPaths = (
			);
			inputPaths = (
				"${SRCROOT}/Pods/Target Support Files/Pods-VK Light/Pods-VK Light-frameworks.sh",
				"${BUILT_PRODUCTS_DIR}/ReverseExtension/ReverseExtension.framework",
			);
			name = "[CP] Embed Pods Frameworks";
			outputFileListPaths = (
			);
			outputPaths = (
				"${TARGET_BUILD_DIR}/${FRAMEWORKS_FOLDER_PATH}/ReverseExtension.framework",
			);
			runOnlyForDeploymentPostprocessing = 0;
			shellPath = /bin/sh;
			shellScript = "\"${SRCROOT}/Pods/Target Support Files/Pods-VK Light/Pods-VK Light-frameworks.sh\"\n";
			showEnvVarsInLog = 0;
		};
/* End PBXShellScriptBuildPhase section */

/* Begin PBXSourcesBuildPhase section */
		65E6F502219C8C4E006BC0A8 /* Sources */ = {
			isa = PBXSourcesBuildPhase;
			buildActionMask = 2147483647;
			files = (
				6524A453219D41460051D73C /* VKGetConversationsResponse.swift in Sources */,
				6550285321A8818B001A0420 /* DynamicDataContainer.swift in Sources */,
				6515E5C021A4484500D22CEA /* VKLongPoller.swift in Sources */,
				65052630219D6CB800EF8BAA /* VKHttpRequestLayer.swift in Sources */,
				65052634219DB99000EF8BAA /* ConversationsViewController.swift in Sources */,
				6506ECA721B2B8BD0033859A /* UserTypingSubscriber.swift in Sources */,
				650856E321A9578500DE6ECB /* DialogsHelper.swift in Sources */,
				6506ECA921B2BA2C0033859A /* TypingInChatSubscriber.swift in Sources */,
				6549FAE921AAA11300E1A109 /* VKGetLongPollHistoryResponse.swift in Sources */,
				6506EC9F21B277240033859A /* VKLongPollEventHandler.swift in Sources */,
				650C95B121A2C77B00D98867 /* Message.swift in Sources */,
				650805CF219E98AD0029519A /* RootViewController.swift in Sources */,
				6505262A219D665B00EF8BAA /* VKProfileModel.swift in Sources */,
				650C95B521A2D59B00D98867 /* VKStickerModel.swift in Sources */,
				6551BED221AEE32D00C568C9 /* VKGetMessagesByIdResponse.swift in Sources */,
				650C95B821A2D95700D98867 /* MessageHelper.swift in Sources */,
				650805D1219EA4730029519A /* ConversationCell.swift in Sources */,
				6551BED521AF068000C568C9 /* MessageContentView.swift in Sources */,
				6504B2FF21A1666A002EDE94 /* DialogViewController.swift in Sources */,
				6550285521A883D3001A0420 /* Dialog.swift in Sources */,
				6502082521A1C3F700157572 /* SettingsViewController.swift in Sources */,
				6551BED021AED6F500C568C9 /* VKLongPollApi.swift in Sources */,
				6505262C219D694500EF8BAA /* VKGroupModel.swift in Sources */,
				6515E5BE21A4442400D22CEA /* VKLPHistoryItemModel.swift in Sources */,
				6504B30121A18366002EDE94 /* VKGetHistoryResponse.swift in Sources */,
				65E6F50C219C8C4E006BC0A8 /* AuthViewController.swift in Sources */,
				6505262E219D6A0600EF8BAA /* VKMessagesApi.swift in Sources */,
				65052628219D61AE00EF8BAA /* VKMessageModel.swift in Sources */,
				6502082921A1C6E600157572 /* MessageCell.swift in Sources */,
				6515E5BA21A42C6700D22CEA /* VKLPResponse.swift in Sources */,
				6506ECA321B29FBF0033859A /* NewMessagesSubscriber.swift in Sources */,
				6515E5BC21A4342600D22CEA /* VKLPServerModel.swift in Sources */,
				6524A450219D35B90051D73C /* VKConversationModel.swift in Sources */,
				6549FAE721AA8E2400E1A109 /* VKMessageWrapper.swift in Sources */,
				6549FAEC21AACACF00E1A109 /* ObservableDataContainer.swift in Sources */,
				65E6F50A219C8C4E006BC0A8 /* AppDelegate.swift in Sources */,
				65E6F51F219CB7CD006BC0A8 /* VKResponse.swift in Sources */,
				650C95B321A2D46B00D98867 /* VKAttachmentModel.swift in Sources */,
				6506ECA521B2A13C0033859A /* OnlinesSubscriber.swift in Sources */,
			);
			runOnlyForDeploymentPostprocessing = 0;
		};
/* End PBXSourcesBuildPhase section */

/* Begin PBXVariantGroup section */
		65E6F50D219C8C4E006BC0A8 /* Main.storyboard */ = {
			isa = PBXVariantGroup;
			children = (
				65E6F50E219C8C4E006BC0A8 /* Base */,
			);
			name = Main.storyboard;
			sourceTree = "<group>";
		};
		65E6F512219C8C50006BC0A8 /* LaunchScreen.storyboard */ = {
			isa = PBXVariantGroup;
			children = (
				65E6F513219C8C50006BC0A8 /* Base */,
			);
			name = LaunchScreen.storyboard;
			sourceTree = "<group>";
		};
/* End PBXVariantGroup section */

/* Begin XCBuildConfiguration section */
		65E6F516219C8C50006BC0A8 /* Debug */ = {
			isa = XCBuildConfiguration;
			buildSettings = {
				ALWAYS_SEARCH_USER_PATHS = NO;
				CLANG_ANALYZER_NONNULL = YES;
				CLANG_ANALYZER_NUMBER_OBJECT_CONVERSION = YES_AGGRESSIVE;
				CLANG_CXX_LANGUAGE_STANDARD = "gnu++14";
				CLANG_CXX_LIBRARY = "libc++";
				CLANG_ENABLE_MODULES = YES;
				CLANG_ENABLE_OBJC_ARC = YES;
				CLANG_ENABLE_OBJC_WEAK = YES;
				CLANG_WARN_BLOCK_CAPTURE_AUTORELEASING = YES;
				CLANG_WARN_BOOL_CONVERSION = YES;
				CLANG_WARN_COMMA = YES;
				CLANG_WARN_CONSTANT_CONVERSION = YES;
				CLANG_WARN_DEPRECATED_OBJC_IMPLEMENTATIONS = YES;
				CLANG_WARN_DIRECT_OBJC_ISA_USAGE = YES_ERROR;
				CLANG_WARN_DOCUMENTATION_COMMENTS = YES;
				CLANG_WARN_EMPTY_BODY = YES;
				CLANG_WARN_ENUM_CONVERSION = YES;
				CLANG_WARN_INFINITE_RECURSION = YES;
				CLANG_WARN_INT_CONVERSION = YES;
				CLANG_WARN_NON_LITERAL_NULL_CONVERSION = YES;
				CLANG_WARN_OBJC_IMPLICIT_RETAIN_SELF = YES;
				CLANG_WARN_OBJC_LITERAL_CONVERSION = YES;
				CLANG_WARN_OBJC_ROOT_CLASS = YES_ERROR;
				CLANG_WARN_RANGE_LOOP_ANALYSIS = YES;
				CLANG_WARN_STRICT_PROTOTYPES = YES;
				CLANG_WARN_SUSPICIOUS_MOVE = YES;
				CLANG_WARN_UNGUARDED_AVAILABILITY = YES_AGGRESSIVE;
				CLANG_WARN_UNREACHABLE_CODE = YES;
				CLANG_WARN__DUPLICATE_METHOD_MATCH = YES;
				CODE_SIGN_IDENTITY = "iPhone Developer";
				COPY_PHASE_STRIP = NO;
				DEBUG_INFORMATION_FORMAT = dwarf;
				ENABLE_STRICT_OBJC_MSGSEND = YES;
				ENABLE_TESTABILITY = YES;
				GCC_C_LANGUAGE_STANDARD = gnu11;
				GCC_DYNAMIC_NO_PIC = NO;
				GCC_NO_COMMON_BLOCKS = YES;
				GCC_OPTIMIZATION_LEVEL = 0;
				GCC_PREPROCESSOR_DEFINITIONS = (
					"DEBUG=1",
					"$(inherited)",
				);
				GCC_WARN_64_TO_32_BIT_CONVERSION = YES;
				GCC_WARN_ABOUT_RETURN_TYPE = YES_ERROR;
				GCC_WARN_UNDECLARED_SELECTOR = YES;
				GCC_WARN_UNINITIALIZED_AUTOS = YES_AGGRESSIVE;
				GCC_WARN_UNUSED_FUNCTION = YES;
				GCC_WARN_UNUSED_VARIABLE = YES;
				IPHONEOS_DEPLOYMENT_TARGET = 12.0;
				MTL_ENABLE_DEBUG_INFO = INCLUDE_SOURCE;
				MTL_FAST_MATH = YES;
				ONLY_ACTIVE_ARCH = YES;
				SDKROOT = iphoneos;
				SWIFT_ACTIVE_COMPILATION_CONDITIONS = DEBUG;
				SWIFT_OPTIMIZATION_LEVEL = "-Onone";
			};
			name = Debug;
		};
		65E6F517219C8C50006BC0A8 /* Release */ = {
			isa = XCBuildConfiguration;
			buildSettings = {
				ALWAYS_SEARCH_USER_PATHS = NO;
				CLANG_ANALYZER_NONNULL = YES;
				CLANG_ANALYZER_NUMBER_OBJECT_CONVERSION = YES_AGGRESSIVE;
				CLANG_CXX_LANGUAGE_STANDARD = "gnu++14";
				CLANG_CXX_LIBRARY = "libc++";
				CLANG_ENABLE_MODULES = YES;
				CLANG_ENABLE_OBJC_ARC = YES;
				CLANG_ENABLE_OBJC_WEAK = YES;
				CLANG_WARN_BLOCK_CAPTURE_AUTORELEASING = YES;
				CLANG_WARN_BOOL_CONVERSION = YES;
				CLANG_WARN_COMMA = YES;
				CLANG_WARN_CONSTANT_CONVERSION = YES;
				CLANG_WARN_DEPRECATED_OBJC_IMPLEMENTATIONS = YES;
				CLANG_WARN_DIRECT_OBJC_ISA_USAGE = YES_ERROR;
				CLANG_WARN_DOCUMENTATION_COMMENTS = YES;
				CLANG_WARN_EMPTY_BODY = YES;
				CLANG_WARN_ENUM_CONVERSION = YES;
				CLANG_WARN_INFINITE_RECURSION = YES;
				CLANG_WARN_INT_CONVERSION = YES;
				CLANG_WARN_NON_LITERAL_NULL_CONVERSION = YES;
				CLANG_WARN_OBJC_IMPLICIT_RETAIN_SELF = YES;
				CLANG_WARN_OBJC_LITERAL_CONVERSION = YES;
				CLANG_WARN_OBJC_ROOT_CLASS = YES_ERROR;
				CLANG_WARN_RANGE_LOOP_ANALYSIS = YES;
				CLANG_WARN_STRICT_PROTOTYPES = YES;
				CLANG_WARN_SUSPICIOUS_MOVE = YES;
				CLANG_WARN_UNGUARDED_AVAILABILITY = YES_AGGRESSIVE;
				CLANG_WARN_UNREACHABLE_CODE = YES;
				CLANG_WARN__DUPLICATE_METHOD_MATCH = YES;
				CODE_SIGN_IDENTITY = "iPhone Developer";
				COPY_PHASE_STRIP = NO;
				DEBUG_INFORMATION_FORMAT = "dwarf-with-dsym";
				ENABLE_NS_ASSERTIONS = NO;
				ENABLE_STRICT_OBJC_MSGSEND = YES;
				GCC_C_LANGUAGE_STANDARD = gnu11;
				GCC_NO_COMMON_BLOCKS = YES;
				GCC_WARN_64_TO_32_BIT_CONVERSION = YES;
				GCC_WARN_ABOUT_RETURN_TYPE = YES_ERROR;
				GCC_WARN_UNDECLARED_SELECTOR = YES;
				GCC_WARN_UNINITIALIZED_AUTOS = YES_AGGRESSIVE;
				GCC_WARN_UNUSED_FUNCTION = YES;
				GCC_WARN_UNUSED_VARIABLE = YES;
				IPHONEOS_DEPLOYMENT_TARGET = 12.0;
				MTL_ENABLE_DEBUG_INFO = NO;
				MTL_FAST_MATH = YES;
				SDKROOT = iphoneos;
				SWIFT_COMPILATION_MODE = wholemodule;
				SWIFT_OPTIMIZATION_LEVEL = "-O";
				VALIDATE_PRODUCT = YES;
			};
			name = Release;
		};
		65E6F519219C8C50006BC0A8 /* Debug */ = {
			isa = XCBuildConfiguration;
			baseConfigurationReference = C61C339E00DBDBEBD934DEBB /* Pods-VK Light.debug.xcconfig */;
			buildSettings = {
				ASSETCATALOG_COMPILER_APPICON_NAME = AppIcon;
				CODE_SIGN_STYLE = Automatic;
				DEVELOPMENT_TEAM = R6FXTZ4H9Y;
				INFOPLIST_FILE = "VK Light/Info.plist";
				LD_RUNPATH_SEARCH_PATHS = (
					"$(inherited)",
					"@executable_path/Frameworks",
				);
				PRODUCT_BUNDLE_IDENTIFIER = "ivanmaslyuck.VK-Light";
				PRODUCT_NAME = "$(TARGET_NAME)";
				SWIFT_VERSION = 4.2;
				TARGETED_DEVICE_FAMILY = "1,2";
			};
			name = Debug;
		};
		65E6F51A219C8C50006BC0A8 /* Release */ = {
			isa = XCBuildConfiguration;
			baseConfigurationReference = 8DFD7B72EF6CDA04A40CC214 /* Pods-VK Light.release.xcconfig */;
			buildSettings = {
				ASSETCATALOG_COMPILER_APPICON_NAME = AppIcon;
				CODE_SIGN_STYLE = Automatic;
				DEVELOPMENT_TEAM = R6FXTZ4H9Y;
				INFOPLIST_FILE = "VK Light/Info.plist";
				LD_RUNPATH_SEARCH_PATHS = (
					"$(inherited)",
					"@executable_path/Frameworks",
				);
				PRODUCT_BUNDLE_IDENTIFIER = "ivanmaslyuck.VK-Light";
				PRODUCT_NAME = "$(TARGET_NAME)";
				SWIFT_VERSION = 4.2;
				TARGETED_DEVICE_FAMILY = "1,2";
			};
			name = Release;
		};
/* End XCBuildConfiguration section */

/* Begin XCConfigurationList section */
		65E6F501219C8C4E006BC0A8 /* Build configuration list for PBXProject "VK Light" */ = {
			isa = XCConfigurationList;
			buildConfigurations = (
				65E6F516219C8C50006BC0A8 /* Debug */,
				65E6F517219C8C50006BC0A8 /* Release */,
			);
			defaultConfigurationIsVisible = 0;
			defaultConfigurationName = Release;
		};
		65E6F518219C8C50006BC0A8 /* Build configuration list for PBXNativeTarget "VK Light" */ = {
			isa = XCConfigurationList;
			buildConfigurations = (
				65E6F519219C8C50006BC0A8 /* Debug */,
				65E6F51A219C8C50006BC0A8 /* Release */,
			);
			defaultConfigurationIsVisible = 0;
			defaultConfigurationName = Release;
		};
/* End XCConfigurationList section */
	};
	rootObject = 65E6F4FE219C8C4E006BC0A8 /* Project object */;
}
